// !$*UTF8*$!
{
	archiveVersion = 1;
	classes = {
	};
	objectVersion = 55;
	objects = {

/* Begin PBXBuildFile section */
		AD8AE5BEE8BE1BEA2122E192 /* Pods_GoogleCalendarEventsDemo.framework in Frameworks */ = {isa = PBXBuildFile; fileRef = 6F54DC7F80925414008995E6 /* Pods_GoogleCalendarEventsDemo.framework */; };
		D9120C12290FB00300D1DBEF /* GoogleService-Info.plist in Resources */ = {isa = PBXBuildFile; fileRef = D9120C11290FB00300D1DBEF /* GoogleService-Info.plist */; };
		D9A6F30D290FA16000ABD0FA /* AppDelegate.swift in Sources */ = {isa = PBXBuildFile; fileRef = D9A6F30C290FA16000ABD0FA /* AppDelegate.swift */; };
		D9A6F30F290FA16000ABD0FA /* SceneDelegate.swift in Sources */ = {isa = PBXBuildFile; fileRef = D9A6F30E290FA16000ABD0FA /* SceneDelegate.swift */; };
		D9A6F311290FA16000ABD0FA /* ViewController.swift in Sources */ = {isa = PBXBuildFile; fileRef = D9A6F310290FA16000ABD0FA /* ViewController.swift */; };
		D9A6F314290FA16000ABD0FA /* Main.storyboard in Resources */ = {isa = PBXBuildFile; fileRef = D9A6F312290FA16000ABD0FA /* Main.storyboard */; };
		D9A6F316290FA16300ABD0FA /* Assets.xcassets in Resources */ = {isa = PBXBuildFile; fileRef = D9A6F315290FA16300ABD0FA /* Assets.xcassets */; };
		D9A6F319290FA16300ABD0FA /* LaunchScreen.storyboard in Resources */ = {isa = PBXBuildFile; fileRef = D9A6F317290FA16300ABD0FA /* LaunchScreen.storyboard */; };
/* End PBXBuildFile section */

/* Begin PBXFileReference section */
		6F54DC7F80925414008995E6 /* Pods_GoogleCalendarEventsDemo.framework */ = {isa = PBXFileReference; explicitFileType = wrapper.framework; includeInIndex = 0; path = Pods_GoogleCalendarEventsDemo.framework; sourceTree = BUILT_PRODUCTS_DIR; };
		C23A01E728AAB36B3A6EF545 /* Pods-GoogleCalendarEventsDemo.release.xcconfig */ = {isa = PBXFileReference; includeInIndex = 1; lastKnownFileType = text.xcconfig; name = "Pods-GoogleCalendarEventsDemo.release.xcconfig"; path = "Target Support Files/Pods-GoogleCalendarEventsDemo/Pods-GoogleCalendarEventsDemo.release.xcconfig"; sourceTree = "<group>"; };
		D9120C11290FB00300D1DBEF /* GoogleService-Info.plist */ = {isa = PBXFileReference; fileEncoding = 4; lastKnownFileType = text.plist.xml; path = "GoogleService-Info.plist"; sourceTree = "<group>"; };
		D9A6F309290FA16000ABD0FA /* GoogleCalendarEventsDemo.app */ = {isa = PBXFileReference; explicitFileType = wrapper.application; includeInIndex = 0; path = GoogleCalendarEventsDemo.app; sourceTree = BUILT_PRODUCTS_DIR; };
		D9A6F30C290FA16000ABD0FA /* AppDelegate.swift */ = {isa = PBXFileReference; lastKnownFileType = sourcecode.swift; path = AppDelegate.swift; sourceTree = "<group>"; };
		D9A6F30E290FA16000ABD0FA /* SceneDelegate.swift */ = {isa = PBXFileReference; lastKnownFileType = sourcecode.swift; path = SceneDelegate.swift; sourceTree = "<group>"; };
		D9A6F310290FA16000ABD0FA /* ViewController.swift */ = {isa = PBXFileReference; lastKnownFileType = sourcecode.swift; path = ViewController.swift; sourceTree = "<group>"; };
		D9A6F313290FA16000ABD0FA /* Base */ = {isa = PBXFileReference; lastKnownFileType = file.storyboard; name = Base; path = Base.lproj/Main.storyboard; sourceTree = "<group>"; };
		D9A6F315290FA16300ABD0FA /* Assets.xcassets */ = {isa = PBXFileReference; lastKnownFileType = folder.assetcatalog; path = Assets.xcassets; sourceTree = "<group>"; };
		D9A6F318290FA16300ABD0FA /* Base */ = {isa = PBXFileReference; lastKnownFileType = file.storyboard; name = Base; path = Base.lproj/LaunchScreen.storyboard; sourceTree = "<group>"; };
		D9A6F31A290FA16300ABD0FA /* Info.plist */ = {isa = PBXFileReference; lastKnownFileType = text.plist.xml; path = Info.plist; sourceTree = "<group>"; };
		E95863E7B1537249CAE170B1 /* Pods-GoogleCalendarEventsDemo.debug.xcconfig */ = {isa = PBXFileReference; includeInIndex = 1; lastKnownFileType = text.xcconfig; name = "Pods-GoogleCalendarEventsDemo.debug.xcconfig"; path = "Target Support Files/Pods-GoogleCalendarEventsDemo/Pods-GoogleCalendarEventsDemo.debug.xcconfig"; sourceTree = "<group>"; };
/* End PBXFileReference section */

/* Begin PBXFrameworksBuildPhase section */
		D9A6F306290FA16000ABD0FA /* Frameworks */ = {
			isa = PBXFrameworksBuildPhase;
			buildActionMask = 2147483647;
			files = (
				AD8AE5BEE8BE1BEA2122E192 /* Pods_GoogleCalendarEventsDemo.framework in Frameworks */,
			);
			runOnlyForDeploymentPostprocessing = 0;
		};
/* End PBXFrameworksBuildPhase section */

/* Begin PBXGroup section */
		0515CCBEAE517F45AB87E547 /* Pods */ = {
			isa = PBXGroup;
			children = (
				E95863E7B1537249CAE170B1 /* Pods-GoogleCalendarEventsDemo.debug.xcconfig */,
				C23A01E728AAB36B3A6EF545 /* Pods-GoogleCalendarEventsDemo.release.xcconfig */,
			);
			path = Pods;
			sourceTree = "<group>";
		};
		68F2D416ED1692E6F33D1276 /* Frameworks */ = {
			isa = PBXGroup;
			children = (
				6F54DC7F80925414008995E6 /* Pods_GoogleCalendarEventsDemo.framework */,
			);
			name = Frameworks;
			sourceTree = "<group>";
		};
		D9A6F300290FA16000ABD0FA = {
			isa = PBXGroup;
			children = (
				D9A6F30B290FA16000ABD0FA /* GoogleCalendarEventsDemo */,
				D9A6F30A290FA16000ABD0FA /* Products */,
				0515CCBEAE517F45AB87E547 /* Pods */,
				68F2D416ED1692E6F33D1276 /* Frameworks */,
			);
			sourceTree = "<group>";
		};
		D9A6F30A290FA16000ABD0FA /* Products */ = {
			isa = PBXGroup;
			children = (
				D9A6F309290FA16000ABD0FA /* GoogleCalendarEventsDemo.app */,
			);
			name = Products;
			sourceTree = "<group>";
		};
		D9A6F30B290FA16000ABD0FA /* GoogleCalendarEventsDemo */ = {
			isa = PBXGroup;
			children = (
				D9A6F30C290FA16000ABD0FA /* AppDelegate.swift */,
				D9A6F30E290FA16000ABD0FA /* SceneDelegate.swift */,
				D9A6F310290FA16000ABD0FA /* ViewController.swift */,
				D9A6F312290FA16000ABD0FA /* Main.storyboard */,
				D9A6F315290FA16300ABD0FA /* Assets.xcassets */,
				D9A6F317290FA16300ABD0FA /* LaunchScreen.storyboard */,
				D9120C11290FB00300D1DBEF /* GoogleService-Info.plist */,
				D9A6F31A290FA16300ABD0FA /* Info.plist */,
			);
			path = GoogleCalendarEventsDemo;
			sourceTree = "<group>";
		};
/* End PBXGroup section */

/* Begin PBXNativeTarget section */
		D9A6F308290FA16000ABD0FA /* GoogleCalendarEventsDemo */ = {
			isa = PBXNativeTarget;
			buildConfigurationList = D9A6F31D290FA16300ABD0FA /* Build configuration list for PBXNativeTarget "GoogleCalendarEventsDemo" */;
			buildPhases = (
				BE33C8171A4CDC95780E8C22 /* [CP] Check Pods Manifest.lock */,
				D9A6F305290FA16000ABD0FA /* Sources */,
				D9A6F306290FA16000ABD0FA /* Frameworks */,
				D9A6F307290FA16000ABD0FA /* Resources */,
				95847357158CC0A35A97E3D1 /* [CP] Embed Pods Frameworks */,
				118790761C9100AF412AD7F4 /* [CP] Copy Pods Resources */,
			);
			buildRules = (
			);
			dependencies = (
			);
			name = GoogleCalendarEventsDemo;
			productName = GoogleCalendarEventsDemo;
			productReference = D9A6F309290FA16000ABD0FA /* GoogleCalendarEventsDemo.app */;
			productType = "com.apple.product-type.application";
		};
/* End PBXNativeTarget section */

/* Begin PBXProject section */
		D9A6F301290FA16000ABD0FA /* Project object */ = {
			isa = PBXProject;
			attributes = {
				BuildIndependentTargetsInParallel = 1;
				LastSwiftUpdateCheck = 1340;
				LastUpgradeCheck = 1340;
				TargetAttributes = {
					D9A6F308290FA16000ABD0FA = {
						CreatedOnToolsVersion = 13.4.1;
					};
				};
			};
			buildConfigurationList = D9A6F304290FA16000ABD0FA /* Build configuration list for PBXProject "GoogleCalendarEventsDemo" */;
			compatibilityVersion = "Xcode 13.0";
			developmentRegion = en;
			hasScannedForEncodings = 0;
			knownRegions = (
				en,
				Base,
			);
			mainGroup = D9A6F300290FA16000ABD0FA;
			productRefGroup = D9A6F30A290FA16000ABD0FA /* Products */;
			projectDirPath = "";
			projectRoot = "";
			targets = (
				D9A6F308290FA16000ABD0FA /* GoogleCalendarEventsDemo */,
			);
		};
/* End PBXProject section */

/* Begin PBXResourcesBuildPhase section */
		D9A6F307290FA16000ABD0FA /* Resources */ = {
			isa = PBXResourcesBuildPhase;
			buildActionMask = 2147483647;
			files = (
				D9A6F319290FA16300ABD0FA /* LaunchScreen.storyboard in Resources */,
				D9A6F316290FA16300ABD0FA /* Assets.xcassets in Resources */,
				D9A6F314290FA16000ABD0FA /* Main.storyboard in Resources */,
				D9120C12290FB00300D1DBEF /* GoogleService-Info.plist in Resources */,
			);
			runOnlyForDeploymentPostprocessing = 0;
		};
/* End PBXResourcesBuildPhase section */

/* Begin PBXShellScriptBuildPhase section */
		118790761C9100AF412AD7F4 /* [CP] Copy Pods Resources */ = {
			isa = PBXShellScriptBuildPhase;
			buildActionMask = 2147483647;
			files = (
			);
			inputFileListPaths = (
				"${PODS_ROOT}/Target Support Files/Pods-GoogleCalendarEventsDemo/Pods-GoogleCalendarEventsDemo-resources-${CONFIGURATION}-input-files.xcfilelist",
			);
			name = "[CP] Copy Pods Resources";
			outputFileListPaths = (
				"${PODS_ROOT}/Target Support Files/Pods-GoogleCalendarEventsDemo/Pods-GoogleCalendarEventsDemo-resources-${CONFIGURATION}-output-files.xcfilelist",
			);
			runOnlyForDeploymentPostprocessing = 0;
			shellPath = /bin/sh;
			shellScript = "\"${PODS_ROOT}/Target Support Files/Pods-GoogleCalendarEventsDemo/Pods-GoogleCalendarEventsDemo-resources.sh\"\n";
			showEnvVarsInLog = 0;
		};
		95847357158CC0A35A97E3D1 /* [CP] Embed Pods Frameworks */ = {
			isa = PBXShellScriptBuildPhase;
			buildActionMask = 2147483647;
			files = (
			);
			inputFileListPaths = (
				"${PODS_ROOT}/Target Support Files/Pods-GoogleCalendarEventsDemo/Pods-GoogleCalendarEventsDemo-frameworks-${CONFIGURATION}-input-files.xcfilelist",
			);
			name = "[CP] Embed Pods Frameworks";
			outputFileListPaths = (
				"${PODS_ROOT}/Target Support Files/Pods-GoogleCalendarEventsDemo/Pods-GoogleCalendarEventsDemo-frameworks-${CONFIGURATION}-output-files.xcfilelist",
			);
			runOnlyForDeploymentPostprocessing = 0;
			shellPath = /bin/sh;
			shellScript = "\"${PODS_ROOT}/Target Support Files/Pods-GoogleCalendarEventsDemo/Pods-GoogleCalendarEventsDemo-frameworks.sh\"\n";
			showEnvVarsInLog = 0;
		};
		BE33C8171A4CDC95780E8C22 /* [CP] Check Pods Manifest.lock */ = {
			isa = PBXShellScriptBuildPhase;
			buildActionMask = 2147483647;
			files = (
			);
			inputFileListPaths = (
			);
			inputPaths = (
				"${PODS_PODFILE_DIR_PATH}/Podfile.lock",
				"${PODS_ROOT}/Manifest.lock",
			);
			name = "[CP] Check Pods Manifest.lock";
			outputFileListPaths = (
			);
			outputPaths = (
				"$(DERIVED_FILE_DIR)/Pods-GoogleCalendarEventsDemo-checkManifestLockResult.txt",
			);
			runOnlyForDeploymentPostprocessing = 0;
			shellPath = /bin/sh;
			shellScript = "diff \"${PODS_PODFILE_DIR_PATH}/Podfile.lock\" \"${PODS_ROOT}/Manifest.lock\" > /dev/null\nif [ $? != 0 ] ; then\n    # print error to STDERR\n    echo \"error: The sandbox is not in sync with the Podfile.lock. Run 'pod install' or update your CocoaPods installation.\" >&2\n    exit 1\nfi\n# This output is used by Xcode 'outputs' to avoid re-running this script phase.\necho \"SUCCESS\" > \"${SCRIPT_OUTPUT_FILE_0}\"\n";
			showEnvVarsInLog = 0;
		};
/* End PBXShellScriptBuildPhase section */

/* Begin PBXSourcesBuildPhase section */
		D9A6F305290FA16000ABD0FA /* Sources */ = {
			isa = PBXSourcesBuildPhase;
			buildActionMask = 2147483647;
			files = (
				D9A6F311290FA16000ABD0FA /* ViewController.swift in Sources */,
				D9A6F30D290FA16000ABD0FA /* AppDelegate.swift in Sources */,
				D9A6F30F290FA16000ABD0FA /* SceneDelegate.swift in Sources */,
			);
			runOnlyForDeploymentPostprocessing = 0;
		};
/* End PBXSourcesBuildPhase section */

/* Begin PBXVariantGroup section */
		D9A6F312290FA16000ABD0FA /* Main.storyboard */ = {
			isa = PBXVariantGroup;
			children = (
				D9A6F313290FA16000ABD0FA /* Base */,
			);
			name = Main.storyboard;
			sourceTree = "<group>";
		};
		D9A6F317290FA16300ABD0FA /* LaunchScreen.storyboard */ = {
			isa = PBXVariantGroup;
			children = (
				D9A6F318290FA16300ABD0FA /* Base */,
			);
			name = LaunchScreen.storyboard;
			sourceTree = "<group>";
		};
/* End PBXVariantGroup section */

/* Begin XCBuildConfiguration section */
		D9A6F31B290FA16300ABD0FA /* Debug */ = {
			isa = XCBuildConfiguration;
			buildSettings = {
				ALWAYS_SEARCH_USER_PATHS = NO;
				CLANG_ANALYZER_NONNULL = YES;
				CLANG_ANALYZER_NUMBER_OBJECT_CONVERSION = YES_AGGRESSIVE;
				CLANG_CXX_LANGUAGE_STANDARD = "gnu++17";
				CLANG_ENABLE_MODULES = YES;
				CLANG_ENABLE_OBJC_ARC = YES;
				CLANG_ENABLE_OBJC_WEAK = YES;
				CLANG_WARN_BLOCK_CAPTURE_AUTORELEASING = YES;
				CLANG_WARN_BOOL_CONVERSION = YES;
				CLANG_WARN_COMMA = YES;
				CLANG_WARN_CONSTANT_CONVERSION = YES;
				CLANG_WARN_DEPRECATED_OBJC_IMPLEMENTATIONS = YES;
				CLANG_WARN_DIRECT_OBJC_ISA_USAGE = YES_ERROR;
				CLANG_WARN_DOCUMENTATION_COMMENTS = YES;
				CLANG_WARN_EMPTY_BODY = YES;
				CLANG_WARN_ENUM_CONVERSION = YES;
				CLANG_WARN_INFINITE_RECURSION = YES;
				CLANG_WARN_INT_CONVERSION = YES;
				CLANG_WARN_NON_LITERAL_NULL_CONVERSION = YES;
				CLANG_WARN_OBJC_IMPLICIT_RETAIN_SELF = YES;
				CLANG_WARN_OBJC_LITERAL_CONVERSION = YES;
				CLANG_WARN_OBJC_ROOT_CLASS = YES_ERROR;
				CLANG_WARN_QUOTED_INCLUDE_IN_FRAMEWORK_HEADER = YES;
				CLANG_WARN_RANGE_LOOP_ANALYSIS = YES;
				CLANG_WARN_STRICT_PROTOTYPES = YES;
				CLANG_WARN_SUSPICIOUS_MOVE = YES;
				CLANG_WARN_UNGUARDED_AVAILABILITY = YES_AGGRESSIVE;
				CLANG_WARN_UNREACHABLE_CODE = YES;
				CLANG_WARN__DUPLICATE_METHOD_MATCH = YES;
				COPY_PHASE_STRIP = NO;
				DEBUG_INFORMATION_FORMAT = dwarf;
				ENABLE_STRICT_OBJC_MSGSEND = YES;
				ENABLE_TESTABILITY = YES;
				GCC_C_LANGUAGE_STANDARD = gnu11;
				GCC_DYNAMIC_NO_PIC = NO;
				GCC_NO_COMMON_BLOCKS = YES;
				GCC_OPTIMIZATION_LEVEL = 0;
				GCC_PREPROCESSOR_DEFINITIONS = (
					"DEBUG=1",
					"$(inherited)",
				);
				GCC_WARN_64_TO_32_BIT_CONVERSION = YES;
				GCC_WARN_ABOUT_RETURN_TYPE = YES_ERROR;
				GCC_WARN_UNDECLARED_SELECTOR = YES;
				GCC_WARN_UNINITIALIZED_AUTOS = YES_AGGRESSIVE;
				GCC_WARN_UNUSED_FUNCTION = YES;
				GCC_WARN_UNUSED_VARIABLE = YES;
				IPHONEOS_DEPLOYMENT_TARGET = 15.5;
				MTL_ENABLE_DEBUG_INFO = INCLUDE_SOURCE;
				MTL_FAST_MATH = YES;
				ONLY_ACTIVE_ARCH = YES;
				SDKROOT = iphoneos;
				SWIFT_ACTIVE_COMPILATION_CONDITIONS = DEBUG;
				SWIFT_OPTIMIZATION_LEVEL = "-Onone";
			};
			name = Debug;
		};
		D9A6F31C290FA16300ABD0FA /* Release */ = {
			isa = XCBuildConfiguration;
			buildSettings = {
				ALWAYS_SEARCH_USER_PATHS = NO;
				CLANG_ANALYZER_NONNULL = YES;
				CLANG_ANALYZER_NUMBER_OBJECT_CONVERSION = YES_AGGRESSIVE;
				CLANG_CXX_LANGUAGE_STANDARD = "gnu++17";
				CLANG_ENABLE_MODULES = YES;
				CLANG_ENABLE_OBJC_ARC = YES;
				CLANG_ENABLE_OBJC_WEAK = YES;
				CLANG_WARN_BLOCK_CAPTURE_AUTORELEASING = YES;
				CLANG_WARN_BOOL_CONVERSION = YES;
				CLANG_WARN_COMMA = YES;
				CLANG_WARN_CONSTANT_CONVERSION = YES;
				CLANG_WARN_DEPRECATED_OBJC_IMPLEMENTATIONS = YES;
				CLANG_WARN_DIRECT_OBJC_ISA_USAGE = YES_ERROR;
				CLANG_WARN_DOCUMENTATION_COMMENTS = YES;
				CLANG_WARN_EMPTY_BODY = YES;
				CLANG_WARN_ENUM_CONVERSION = YES;
				CLANG_WARN_INFINITE_RECURSION = YES;
				CLANG_WARN_INT_CONVERSION = YES;
				CLANG_WARN_NON_LITERAL_NULL_CONVERSION = YES;
				CLANG_WARN_OBJC_IMPLICIT_RETAIN_SELF = YES;
				CLANG_WARN_OBJC_LITERAL_CONVERSION = YES;
				CLANG_WARN_OBJC_ROOT_CLASS = YES_ERROR;
				CLANG_WARN_QUOTED_INCLUDE_IN_FRAMEWORK_HEADER = YES;
				CLANG_WARN_RANGE_LOOP_ANALYSIS = YES;
				CLANG_WARN_STRICT_PROTOTYPES = YES;
				CLANG_WARN_SUSPICIOUS_MOVE = YES;
				CLANG_WARN_UNGUARDED_AVAILABILITY = YES_AGGRESSIVE;
				CLANG_WARN_UNREACHABLE_CODE = YES;
				CLANG_WARN__DUPLICATE_METHOD_MATCH = YES;
				COPY_PHASE_STRIP = NO;
				DEBUG_INFORMATION_FORMAT = "dwarf-with-dsym";
				ENABLE_NS_ASSERTIONS = NO;
				ENABLE_STRICT_OBJC_MSGSEND = YES;
				GCC_C_LANGUAGE_STANDARD = gnu11;
				GCC_NO_COMMON_BLOCKS = YES;
				GCC_WARN_64_TO_32_BIT_CONVERSION = YES;
				GCC_WARN_ABOUT_RETURN_TYPE = YES_ERROR;
				GCC_WARN_UNDECLARED_SELECTOR = YES;
				GCC_WARN_UNINITIALIZED_AUTOS = YES_AGGRESSIVE;
				GCC_WARN_UNUSED_FUNCTION = YES;
				GCC_WARN_UNUSED_VARIABLE = YES;
				IPHONEOS_DEPLOYMENT_TARGET = 15.5;
				MTL_ENABLE_DEBUG_INFO = NO;
				MTL_FAST_MATH = YES;
				SDKROOT = iphoneos;
				SWIFT_COMPILATION_MODE = wholemodule;
				SWIFT_OPTIMIZATION_LEVEL = "-O";
				VALIDATE_PRODUCT = YES;
			};
			name = Release;
		};
		D9A6F31E290FA16300ABD0FA /* Debug */ = {
			isa = XCBuildConfiguration;
			baseConfigurationReference = E95863E7B1537249CAE170B1 /* Pods-GoogleCalendarEventsDemo.debug.xcconfig */;
			buildSettings = {
				ASSETCATALOG_COMPILER_APPICON_NAME = AppIcon;
				ASSETCATALOG_COMPILER_GLOBAL_ACCENT_COLOR_NAME = AccentColor;
				CODE_SIGN_STYLE = Automatic;
				CURRENT_PROJECT_VERSION = 1;
				"EXCLUDED_ARCHS[sdk=iphonesimulator*]" = arm64;
				GENERATE_INFOPLIST_FILE = YES;
				INFOPLIST_FILE = GoogleCalendarEventsDemo/Info.plist;
				INFOPLIST_KEY_CFBundleDisplayName = GoogleCalendarEventsDemo;
				INFOPLIST_KEY_UIApplicationSupportsIndirectInputEvents = YES;
				INFOPLIST_KEY_UILaunchStoryboardName = LaunchScreen;
				INFOPLIST_KEY_UIMainStoryboardFile = Main;
				INFOPLIST_KEY_UISupportedInterfaceOrientations_iPad = "UIInterfaceOrientationPortrait UIInterfaceOrientationPortraitUpsideDown UIInterfaceOrientationLandscapeLeft UIInterfaceOrientationLandscapeRight";
				INFOPLIST_KEY_UISupportedInterfaceOrientations_iPhone = "UIInterfaceOrientationPortrait UIInterfaceOrientationLandscapeLeft UIInterfaceOrientationLandscapeRight";
				LD_RUNPATH_SEARCH_PATHS = (
					"$(inherited)",
					"@executable_path/Frameworks",
				);
				MARKETING_VERSION = 1.0;
				PRODUCT_BUNDLE_IDENTIFIER = com.brainxtech.GoogleCalendarEventsDemo;
				PRODUCT_NAME = "$(TARGET_NAME)";
				SWIFT_EMIT_LOC_STRINGS = YES;
				SWIFT_VERSION = 5.0;
				TARGETED_DEVICE_FAMILY = "1,2";
			};
			name = Debug;
		};
		D9A6F31F290FA16300ABD0FA /* Release */ = {
			isa = XCBuildConfiguration;
			baseConfigurationReference = C23A01E728AAB36B3A6EF545 /* Pods-GoogleCalendarEventsDemo.release.xcconfig */;
			buildSettings = {
				ASSETCATALOG_COMPILER_APPICON_NAME = AppIcon;
				ASSETCATALOG_COMPILER_GLOBAL_ACCENT_COLOR_NAME = AccentColor;
				CODE_SIGN_STYLE = Automatic;
				CURRENT_PROJECT_VERSION = 1;
				EXCLUDED_ARCHS = "";
				"EXCLUDED_ARCHS[sdk=iphonesimulator*]" = arm64;
				GENERATE_INFOPLIST_FILE = YES;
				INFOPLIST_FILE = GoogleCalendarEventsDemo/Info.plist;
				INFOPLIST_KEY_CFBundleDisplayName = GoogleCalendarEventsDemo;
				INFOPLIST_KEY_UIApplicationSupportsIndirectInputEvents = YES;
				INFOPLIST_KEY_UILaunchStoryboardName = LaunchScreen;
				INFOPLIST_KEY_UIMainStoryboardFile = Main;
				INFOPLIST_KEY_UISupportedInterfaceOrientations_iPad = "UIInterfaceOrientationPortrait UIInterfaceOrientationPortraitUpsideDown UIInterfaceOrientationLandscapeLeft UIInterfaceOrientationLandscapeRight";
				INFOPLIST_KEY_UISupportedInterfaceOrientations_iPhone = "UIInterfaceOrientationPortrait UIInterfaceOrientationLandscapeLeft UIInterfaceOrientationLandscapeRight";
				LD_RUNPATH_SEARCH_PATHS = (
					"$(inherited)",
					"@executable_path/Frameworks",
				);
				MARKETING_VERSION = 1.0;
				PRODUCT_BUNDLE_IDENTIFIER = com.brainxtech.GoogleCalendarEventsDemo;
				PRODUCT_NAME = "$(TARGET_NAME)";
				SWIFT_EMIT_LOC_STRINGS = YES;
				SWIFT_VERSION = 5.0;
				TARGETED_DEVICE_FAMILY = "1,2";
			};
			name = Release;
		};
/* End XCBuildConfiguration section */

/* Begin XCConfigurationList section */
		D9A6F304290FA16000ABD0FA /* Build configuration list for PBXProject "GoogleCalendarEventsDemo" */ = {
			isa = XCConfigurationList;
			buildConfigurations = (
				D9A6F31B290FA16300ABD0FA /* Debug */,
				D9A6F31C290FA16300ABD0FA /* Release */,
			);
			defaultConfigurationIsVisible = 0;
			defaultConfigurationName = Release;
		};
		D9A6F31D290FA16300ABD0FA /* Build configuration list for PBXNativeTarget "GoogleCalendarEventsDemo" */ = {
			isa = XCConfigurationList;
			buildConfigurations = (
				D9A6F31E290FA16300ABD0FA /* Debug */,
				D9A6F31F290FA16300ABD0FA /* Release */,
			);
			defaultConfigurationIsVisible = 0;
			defaultConfigurationName = Release;
		};
/* End XCConfigurationList section */
	};
	rootObject = D9A6F301290FA16000ABD0FA /* Project object */;
}
